// !$*UTF8*$!
{
	archiveVersion = 1;
	classes = {
	};
	objectVersion = 56;
	objects = {

/* Begin PBXBuildFile section */
		A26EF07D28E2A1CC00346800 /* AppDelegate.swift in Sources */ = {isa = PBXBuildFile; fileRef = A26EF07C28E2A1CC00346800 /* AppDelegate.swift */; };
		A26EF07F28E2A1CC00346800 /* SceneDelegate.swift in Sources */ = {isa = PBXBuildFile; fileRef = A26EF07E28E2A1CC00346800 /* SceneDelegate.swift */; };
		A26EF08128E2A1CC00346800 /* ViewController.swift in Sources */ = {isa = PBXBuildFile; fileRef = A26EF08028E2A1CC00346800 /* ViewController.swift */; };
		A26EF08428E2A1CC00346800 /* Main.storyboard in Resources */ = {isa = PBXBuildFile; fileRef = A26EF08228E2A1CC00346800 /* Main.storyboard */; };
		A26EF08728E2A1CC00346800 /* Video.xcdatamodeld in Sources */ = {isa = PBXBuildFile; fileRef = A26EF08528E2A1CC00346800 /* Video.xcdatamodeld */; };
		A26EF08928E2A1CD00346800 /* Assets.xcassets in Resources */ = {isa = PBXBuildFile; fileRef = A26EF08828E2A1CD00346800 /* Assets.xcassets */; };
		A26EF08C28E2A1CD00346800 /* LaunchScreen.storyboard in Resources */ = {isa = PBXBuildFile; fileRef = A26EF08A28E2A1CD00346800 /* LaunchScreen.storyboard */; };
/* End PBXBuildFile section */

/* Begin PBXFileReference section */
		A26EF07928E2A1CC00346800 /* Video.app */ = {isa = PBXFileReference; explicitFileType = wrapper.application; includeInIndex = 0; path = Video.app; sourceTree = BUILT_PRODUCTS_DIR; };
		A26EF07C28E2A1CC00346800 /* AppDelegate.swift */ = {isa = PBXFileReference; lastKnownFileType = sourcecode.swift; path = AppDelegate.swift; sourceTree = "<group>"; };
		A26EF07E28E2A1CC00346800 /* SceneDelegate.swift */ = {isa = PBXFileReference; lastKnownFileType = sourcecode.swift; path = SceneDelegate.swift; sourceTree = "<group>"; };
		A26EF08028E2A1CC00346800 /* ViewController.swift */ = {isa = PBXFileReference; lastKnownFileType = sourcecode.swift; path = ViewController.swift; sourceTree = "<group>"; };
		A26EF08328E2A1CC00346800 /* Base */ = {isa = PBXFileReference; lastKnownFileType = file.storyboard; name = Base; path = Base.lproj/Main.storyboard; sourceTree = "<group>"; };
		A26EF08628E2A1CC00346800 /* Video.xcdatamodel */ = {isa = PBXFileReference; lastKnownFileType = wrapper.xcdatamodel; path = Video.xcdatamodel; sourceTree = "<group>"; };
		A26EF08828E2A1CD00346800 /* Assets.xcassets */ = {isa = PBXFileReference; lastKnownFileType = folder.assetcatalog; path = Assets.xcassets; sourceTree = "<group>"; };
		A26EF08B28E2A1CD00346800 /* Base */ = {isa = PBXFileReference; lastKnownFileType = file.storyboard; name = Base; path = Base.lproj/LaunchScreen.storyboard; sourceTree = "<group>"; };
		A26EF08D28E2A1CD00346800 /* Info.plist */ = {isa = PBXFileReference; lastKnownFileType = text.plist.xml; path = Info.plist; sourceTree = "<group>"; };
/* End PBXFileReference section */

/* Begin PBXFrameworksBuildPhase section */
		A26EF07628E2A1CC00346800 /* Frameworks */ = {
			isa = PBXFrameworksBuildPhase;
			buildActionMask = 2147483647;
			files = (
			);
			runOnlyForDeploymentPostprocessing = 0;
		};
/* End PBXFrameworksBuildPhase section */

/* Begin PBXGroup section */
		A26EF07028E2A1CC00346800 = {
			isa = PBXGroup;
			children = (
				A26EF07B28E2A1CC00346800 /* Video */,
				A26EF07A28E2A1CC00346800 /* Products */,
			);
			sourceTree = "<group>";
		};
		A26EF07A28E2A1CC00346800 /* Products */ = {
			isa = PBXGroup;
			children = (
				A26EF07928E2A1CC00346800 /* Video.app */,
			);
			name = Products;
			sourceTree = "<group>";
		};
		A26EF07B28E2A1CC00346800 /* Video */ = {
			isa = PBXGroup;
			children = (
				A26EF07C28E2A1CC00346800 /* AppDelegate.swift */,
				A26EF07E28E2A1CC00346800 /* SceneDelegate.swift */,
				A26EF08028E2A1CC00346800 /* ViewController.swift */,
				A26EF08228E2A1CC00346800 /* Main.storyboard */,
				A26EF08828E2A1CD00346800 /* Assets.xcassets */,
				A26EF08A28E2A1CD00346800 /* LaunchScreen.storyboard */,
				A26EF08D28E2A1CD00346800 /* Info.plist */,
				A26EF08528E2A1CC00346800 /* Video.xcdatamodeld */,
			);
			path = Video;
			sourceTree = "<group>";
		};
/* End PBXGroup section */

/* Begin PBXNativeTarget section */
		A26EF07828E2A1CC00346800 /* Video */ = {
			isa = PBXNativeTarget;
			buildConfigurationList = A26EF09028E2A1CD00346800 /* Build configuration list for PBXNativeTarget "Video" */;
			buildPhases = (
				A26EF07528E2A1CC00346800 /* Sources */,
				A26EF07628E2A1CC00346800 /* Frameworks */,
				A26EF07728E2A1CC00346800 /* Resources */,
			);
			buildRules = (
			);
			dependencies = (
			);
			name = Video;
			productName = Video;
			productReference = A26EF07928E2A1CC00346800 /* Video.app */;
			productType = "com.apple.product-type.application";
		};
/* End PBXNativeTarget section */

/* Begin PBXProject section */
		A26EF07128E2A1CC00346800 /* Project object */ = {
			isa = PBXProject;
			attributes = {
				BuildIndependentTargetsInParallel = 1;
				LastSwiftUpdateCheck = 1400;
				LastUpgradeCheck = 1400;
				TargetAttributes = {
					A26EF07828E2A1CC00346800 = {
						CreatedOnToolsVersion = 14.0;
					};
				};
			};
			buildConfigurationList = A26EF07428E2A1CC00346800 /* Build configuration list for PBXProject "Video" */;
			compatibilityVersion = "Xcode 14.0";
			developmentRegion = en;
			hasScannedForEncodings = 0;
			knownRegions = (
				en,
				Base,
			);
			mainGroup = A26EF07028E2A1CC00346800;
			productRefGroup = A26EF07A28E2A1CC00346800 /* Products */;
			projectDirPath = "";
			projectRoot = "";
			targets = (
				A26EF07828E2A1CC00346800 /* Video */,
			);
		};
/* End PBXProject section */

/* Begin PBXResourcesBuildPhase section */
		A26EF07728E2A1CC00346800 /* Resources */ = {
			isa = PBXResourcesBuildPhase;
			buildActionMask = 2147483647;
			files = (
				A26EF08C28E2A1CD00346800 /* LaunchScreen.storyboard in Resources */,
				A26EF08928E2A1CD00346800 /* Assets.xcassets in Resources */,
				A26EF08428E2A1CC00346800 /* Main.storyboard in Resources */,
			);
			runOnlyForDeploymentPostprocessing = 0;
		};
/* End PBXResourcesBuildPhase section */

/* Begin PBXSourcesBuildPhase section */
		A26EF07528E2A1CC00346800 /* Sources */ = {
			isa = PBXSourcesBuildPhase;
			buildActionMask = 2147483647;
			files = (
				A26EF08128E2A1CC00346800 /* ViewController.swift in Sources */,
				A26EF08728E2A1CC00346800 /* Video.xcdatamodeld in Sources */,
				A26EF07D28E2A1CC00346800 /* AppDelegate.swift in Sources */,
				A26EF07F28E2A1CC00346800 /* SceneDelegate.swift in Sources */,
			);
			runOnlyForDeploymentPostprocessing = 0;
		};
/* End PBXSourcesBuildPhase section */

/* Begin PBXVariantGroup section */
		A26EF08228E2A1CC00346800 /* Main.storyboard */ = {
			isa = PBXVariantGroup;
			children = (
				A26EF08328E2A1CC00346800 /* Base */,
			);
			name = Main.storyboard;
			sourceTree = "<group>";
		};
		A26EF08A28E2A1CD00346800 /* LaunchScreen.storyboard */ = {
			isa = PBXVariantGroup;
			children = (
				A26EF08B28E2A1CD00346800 /* Base */,
			);
			name = LaunchScreen.storyboard;
			sourceTree = "<group>";
		};
/* End PBXVariantGroup section */

/* Begin XCBuildConfiguration section */
		A26EF08E28E2A1CD00346800 /* Debug */ = {
			isa = XCBuildConfiguration;
			buildSettings = {
				ALWAYS_SEARCH_USER_PATHS = NO;
				CLANG_ANALYZER_NONNULL = YES;
				CLANG_ANALYZER_NUMBER_OBJECT_CONVERSION = YES_AGGRESSIVE;
				CLANG_CXX_LANGUAGE_STANDARD = "gnu++20";
				CLANG_ENABLE_MODULES = YES;
				CLANG_ENABLE_OBJC_ARC = YES;
				CLANG_ENABLE_OBJC_WEAK = YES;
				CLANG_WARN_BLOCK_CAPTURE_AUTORELEASING = YES;
				CLANG_WARN_BOOL_CONVERSION = YES;
				CLANG_WARN_COMMA = YES;
				CLANG_WARN_CONSTANT_CONVERSION = YES;
				CLANG_WARN_DEPRECATED_OBJC_IMPLEMENTATIONS = YES;
				CLANG_WARN_DIRECT_OBJC_ISA_USAGE = YES_ERROR;
				CLANG_WARN_DOCUMENTATION_COMMENTS = YES;
				CLANG_WARN_EMPTY_BODY = YES;
				CLANG_WARN_ENUM_CONVERSION = YES;
				CLANG_WARN_INFINITE_RECURSION = YES;
				CLANG_WARN_INT_CONVERSION = YES;
				CLANG_WARN_NON_LITERAL_NULL_CONVERSION = YES;
				CLANG_WARN_OBJC_IMPLICIT_RETAIN_SELF = YES;
				CLANG_WARN_OBJC_LITERAL_CONVERSION = YES;
				CLANG_WARN_OBJC_ROOT_CLASS = YES_ERROR;
				CLANG_WARN_QUOTED_INCLUDE_IN_FRAMEWORK_HEADER = YES;
				CLANG_WARN_RANGE_LOOP_ANALYSIS = YES;
				CLANG_WARN_STRICT_PROTOTYPES = YES;
				CLANG_WARN_SUSPICIOUS_MOVE = YES;
				CLANG_WARN_UNGUARDED_AVAILABILITY = YES_AGGRESSIVE;
				CLANG_WARN_UNREACHABLE_CODE = YES;
				CLANG_WARN__DUPLICATE_METHOD_MATCH = YES;
				COPY_PHASE_STRIP = NO;
				DEBUG_INFORMATION_FORMAT = dwarf;
				ENABLE_STRICT_OBJC_MSGSEND = YES;
				ENABLE_TESTABILITY = YES;
				GCC_C_LANGUAGE_STANDARD = gnu11;
				GCC_DYNAMIC_NO_PIC = NO;
				GCC_NO_COMMON_BLOCKS = YES;
				GCC_OPTIMIZATION_LEVEL = 0;
				GCC_PREPROCESSOR_DEFINITIONS = (
					"DEBUG=1",
					"$(inherited)",
				);
				GCC_WARN_64_TO_32_BIT_CONVERSION = YES;
				GCC_WARN_ABOUT_RETURN_TYPE = YES_ERROR;
				GCC_WARN_UNDECLARED_SELECTOR = YES;
				GCC_WARN_UNINITIALIZED_AUTOS = YES_AGGRESSIVE;
				GCC_WARN_UNUSED_FUNCTION = YES;
				GCC_WARN_UNUSED_VARIABLE = YES;
				IPHONEOS_DEPLOYMENT_TARGET = 16.0;
				MTL_ENABLE_DEBUG_INFO = INCLUDE_SOURCE;
				MTL_FAST_MATH = YES;
				ONLY_ACTIVE_ARCH = YES;
				SDKROOT = iphoneos;
				SWIFT_ACTIVE_COMPILATION_CONDITIONS = DEBUG;
				SWIFT_OPTIMIZATION_LEVEL = "-Onone";
			};
			name = Debug;
		};
		A26EF08F28E2A1CD00346800 /* Release */ = {
			isa = XCBuildConfiguration;
			buildSettings = {
				ALWAYS_SEARCH_USER_PATHS = NO;
				CLANG_ANALYZER_NONNULL = YES;
				CLANG_ANALYZER_NUMBER_OBJECT_CONVERSION = YES_AGGRESSIVE;
				CLANG_CXX_LANGUAGE_STANDARD = "gnu++20";
				CLANG_ENABLE_MODULES = YES;
				CLANG_ENABLE_OBJC_ARC = YES;
				CLANG_ENABLE_OBJC_WEAK = YES;
				CLANG_WARN_BLOCK_CAPTURE_AUTORELEASING = YES;
				CLANG_WARN_BOOL_CONVERSION = YES;
				CLANG_WARN_COMMA = YES;
				CLANG_WARN_CONSTANT_CONVERSION = YES;
				CLANG_WARN_DEPRECATED_OBJC_IMPLEMENTATIONS = YES;
				CLANG_WARN_DIRECT_OBJC_ISA_USAGE = YES_ERROR;
				CLANG_WARN_DOCUMENTATION_COMMENTS = YES;
				CLANG_WARN_EMPTY_BODY = YES;
				CLANG_WARN_ENUM_CONVERSION = YES;
				CLANG_WARN_INFINITE_RECURSION = YES;
				CLANG_WARN_INT_CONVERSION = YES;
				CLANG_WARN_NON_LITERAL_NULL_CONVERSION = YES;
				CLANG_WARN_OBJC_IMPLICIT_RETAIN_SELF = YES;
				CLANG_WARN_OBJC_LITERAL_CONVERSION = YES;
				CLANG_WARN_OBJC_ROOT_CLASS = YES_ERROR;
				CLANG_WARN_QUOTED_INCLUDE_IN_FRAMEWORK_HEADER = YES;
				CLANG_WARN_RANGE_LOOP_ANALYSIS = YES;
				CLANG_WARN_STRICT_PROTOTYPES = YES;
				CLANG_WARN_SUSPICIOUS_MOVE = YES;
				CLANG_WARN_UNGUARDED_AVAILABILITY = YES_AGGRESSIVE;
				CLANG_WARN_UNREACHABLE_CODE = YES;
				CLANG_WARN__DUPLICATE_METHOD_MATCH = YES;
				COPY_PHASE_STRIP = NO;
				DEBUG_INFORMATION_FORMAT = "dwarf-with-dsym";
				ENABLE_NS_ASSERTIONS = NO;
				ENABLE_STRICT_OBJC_MSGSEND = YES;
				GCC_C_LANGUAGE_STANDARD = gnu11;
				GCC_NO_COMMON_BLOCKS = YES;
				GCC_WARN_64_TO_32_BIT_CONVERSION = YES;
				GCC_WARN_ABOUT_RETURN_TYPE = YES_ERROR;
				GCC_WARN_UNDECLARED_SELECTOR = YES;
				GCC_WARN_UNINITIALIZED_AUTOS = YES_AGGRESSIVE;
				GCC_WARN_UNUSED_FUNCTION = YES;
				GCC_WARN_UNUSED_VARIABLE = YES;
				IPHONEOS_DEPLOYMENT_TARGET = 16.0;
				MTL_ENABLE_DEBUG_INFO = NO;
				MTL_FAST_MATH = YES;
				SDKROOT = iphoneos;
				SWIFT_COMPILATION_MODE = wholemodule;
				SWIFT_OPTIMIZATION_LEVEL = "-O";
				VALIDATE_PRODUCT = YES;
			};
			name = Release;
		};
		A26EF09128E2A1CD00346800 /* Debug */ = {
			isa = XCBuildConfiguration;
			buildSettings = {
				ASSETCATALOG_COMPILER_APPICON_NAME = AppIcon;
				ASSETCATALOG_COMPILER_GLOBAL_ACCENT_COLOR_NAME = AccentColor;
				CODE_SIGN_STYLE = Automatic;
				CURRENT_PROJECT_VERSION = 1;
				DEVELOPMENT_TEAM = 5AMK94R9A4;
				GENERATE_INFOPLIST_FILE = YES;
				INFOPLIST_FILE = Video/Info.plist;
				INFOPLIST_KEY_UIApplicationSupportsIndirectInputEvents = YES;
				INFOPLIST_KEY_UILaunchStoryboardName = LaunchScreen;
				INFOPLIST_KEY_UIMainStoryboardFile = Main;
				INFOPLIST_KEY_UISupportedInterfaceOrientations_iPad = "UIInterfaceOrientationPortrait UIInterfaceOrientationPortraitUpsideDown UIInterfaceOrientationLandscapeLeft UIInterfaceOrientationLandscapeRight";
				INFOPLIST_KEY_UISupportedInterfaceOrientations_iPhone = "UIInterfaceOrientationPortrait UIInterfaceOrientationLandscapeLeft UIInterfaceOrientationLandscapeRight";
				LD_RUNPATH_SEARCH_PATHS = (
					"$(inherited)",
					"@executable_path/Frameworks",
				);
				MARKETING_VERSION = 1.0;
				PRODUCT_BUNDLE_IDENTIFIER = AurigaIT.Video;
				PRODUCT_NAME = "$(TARGET_NAME)";
				SWIFT_EMIT_LOC_STRINGS = YES;
				SWIFT_VERSION = 5.0;
				TARGETED_DEVICE_FAMILY = "1,2";
			};
			name = Debug;
		};
		A26EF09228E2A1CD00346800 /* Release */ = {
			isa = XCBuildConfiguration;
			buildSettings = {
				ASSETCATALOG_COMPILER_APPICON_NAME = AppIcon;
				ASSETCATALOG_COMPILER_GLOBAL_ACCENT_COLOR_NAME = AccentColor;
				CODE_SIGN_STYLE = Automatic;
				CURRENT_PROJECT_VERSION = 1;
				DEVELOPMENT_TEAM = 5AMK94R9A4;
				GENERATE_INFOPLIST_FILE = YES;
				INFOPLIST_FILE = Video/Info.plist;
				INFOPLIST_KEY_UIApplicationSupportsIndirectInputEvents = YES;
				INFOPLIST_KEY_UILaunchStoryboardName = LaunchScreen;
				INFOPLIST_KEY_UIMainStoryboardFile = Main;
				INFOPLIST_KEY_UISupportedInterfaceOrientations_iPad = "UIInterfaceOrientationPortrait UIInterfaceOrientationPortraitUpsideDown UIInterfaceOrientationLandscapeLeft UIInterfaceOrientationLandscapeRight";
				INFOPLIST_KEY_UISupportedInterfaceOrientations_iPhone = "UIInterfaceOrientationPortrait UIInterfaceOrientationLandscapeLeft UIInterfaceOrientationLandscapeRight";
				LD_RUNPATH_SEARCH_PATHS = (
					"$(inherited)",
					"@executable_path/Frameworks",
				);
				MARKETING_VERSION = 1.0;
				PRODUCT_BUNDLE_IDENTIFIER = AurigaIT.Video;
				PRODUCT_NAME = "$(TARGET_NAME)";
				SWIFT_EMIT_LOC_STRINGS = YES;
				SWIFT_VERSION = 5.0;
				TARGETED_DEVICE_FAMILY = "1,2";
			};
			name = Release;
		};
/* End XCBuildConfiguration section */

/* Begin XCConfigurationList section */
		A26EF07428E2A1CC00346800 /* Build configuration list for PBXProject "Video" */ = {
			isa = XCConfigurationList;
			buildConfigurations = (
				A26EF08E28E2A1CD00346800 /* Debug */,
				A26EF08F28E2A1CD00346800 /* Release */,
			);
			defaultConfigurationIsVisible = 0;
			defaultConfigurationName = Release;
		};
		A26EF09028E2A1CD00346800 /* Build configuration list for PBXNativeTarget "Video" */ = {
			isa = XCConfigurationList;
			buildConfigurations = (
				A26EF09128E2A1CD00346800 /* Debug */,
				A26EF09228E2A1CD00346800 /* Release */,
			);
			defaultConfigurationIsVisible = 0;
			defaultConfigurationName = Release;
		};
/* End XCConfigurationList section */

/* Begin XCVersionGroup section */
		A26EF08528E2A1CC00346800 /* Video.xcdatamodeld */ = {
			isa = XCVersionGroup;
			children = (
				A26EF08628E2A1CC00346800 /* Video.xcdatamodel */,
			);
			currentVersion = A26EF08628E2A1CC00346800 /* Video.xcdatamodel */;
			path = Video.xcdatamodeld;
			sourceTree = "<group>";
			versionGroupType = wrapper.xcdatamodel;
		};
/* End XCVersionGroup section */
	};
	rootObject = A26EF07128E2A1CC00346800 /* Project object */;
}
